{
    "_meta": {
        "hash": {
            "sha256": "9584921f4a885bbff18bccda5bfc9449662f8bb657f5974c0b490f90cb9c420f"
        },
        "pipfile-spec": 6,
        "requires": {
            "python_version": "3.7"
        },
        "sources": [
            {
                "name": "pypi",
                "url": "https://pypi.org/simple",
                "verify_ssl": true
            }
        ]
    },
    "default": {
        "boto": {
            "hashes": [
                "sha256:147758d41ae7240dc989f0039f27da8ca0d53734be0eb869ef16e3adcfa462e8",
                "sha256:ea0d3b40a2d852767be77ca343b58a9e3a4b00d9db440efb8da74b4e58025e5a"
            ],
            "version": "==2.49.0"
        },
        "boto3": {
            "hashes": [
                "sha256:19a77d8ecb05d87123e88a65cba49cdbc8c66717ced21c2093a6f091492c22da",
                "sha256:e184590781c127358c2d9ae1eab6607441d92fbddd88ba08b891b8c14d0bbfff"
            ],
            "version": "==1.9.205"
        },
        "botocore": {
            "hashes": [
                "sha256:0d6290f725a69a5950785fb058c2405e438674011eff7c11ce192b561b3c9aa6",
                "sha256:e9452a8e48aea82157e846eb8ec2e8e57f52366ba3362ec5128ecff2c8b52e2f"
            ],
            "version": "==1.12.205"
        },
        "certifi": {
            "hashes": [
                "sha256:046832c04d4e752f37383b628bc601a7ea7211496b4638f6514d0e5b9acc4939",
                "sha256:945e3ba63a0b9f577b1395204e13c3a231f9bc0223888be653286534e5873695"
            ],
            "version": "==2019.6.16"
        },
        "chardet": {
            "hashes": [
                "sha256:84ab92ed1c4d4f16916e05906b6b75a6c0fb5db821cc65e70cbd64a3e2a5eaae",
                "sha256:fc323ffcaeaed0e0a02bf4d117757b98aed530d9ed4531e3e15460124c106691"
            ],
            "version": "==3.0.4"
        },
        "docutils": {
            "hashes": [
                "sha256:02aec4bd92ab067f6ff27a38a38a41173bf01bed8f89157768c1573f53e474a6",
                "sha256:51e64ef2ebfb29cae1faa133b3710143496eca21c530f3f71424d77687764274",
                "sha256:7a4bd47eaf6596e1295ecb11361139febe29b084a87bf005bf899f9a42edc3c6"
            ],
            "version": "==0.14"
        },
        "gensim": {
            "hashes": [
                "sha256:025f5c72baf0ec64deb9c61c8d4d9269f4ec12913b968774d22cc0b046f9bfbc",
                "sha256:1ea2d798aae1cb80d886812a1470a5a1d5c92b7f3665fe00cd571e62dcb74f1c",
                "sha256:388ad255dd82da921665c344a443bf0c396c4e7789196f88882c450b3f172253",
                "sha256:577d01923b8b23bd970dc05b67da490d446dcdb8d7b275ab664100fe54a3428c",
                "sha256:58dfc3a6e84e567bb5fcc08ea37ece9609ee6a75e4deee1e6b1dbcd1703f2c9e",
                "sha256:6a5e892f393f80ffb2758edc8896257028923e2fad1529b5fce7af4614322faa",
                "sha256:9da690b4b1b2297053210f3779db5cb1b6f935a3077c4473c848677b7e4c2e00",
                "sha256:c16a07fbf7e6b9bb8afdf03b33d6543ac83812f036f4a25da3d4ad82eedb47cd",
                "sha256:c2c6042d5116ef5760fc6794b9c7219bcf7780dfd543dc099bb9501e6c1f2fdd",
                "sha256:cf0bce0062eade9980a95a33726c537fdb8819e08c4aec65efae937b1669873e",
                "sha256:d87f0b8b895416ce013c14eec19fa1096a80970547919d0f1a0d903dab63adb1",
                "sha256:e13fef16faf50d462ea970fd9f454f7528d08395c1a0cf81bcbf97f89f03f674",
                "sha256:ec5de7ff2bfa8692fa96a846bb5aae52f267fc322fbbe303c1f042d258af5766",
                "sha256:ee338476ae4f33e496555bdc6045d6c27a23da6d7340068b6b9056769e897896",
                "sha256:f40312189e57c4a6f1583836186d99a268b825c3f947de3862b595b2ff6baf8e"
            ],
            "index": "pypi",
            "version": "==3.8.0"
        },
        "idna": {
            "hashes": [
                "sha256:c357b3f628cf53ae2c4c05627ecc484553142ca23264e593d327bcde5e9c3407",
                "sha256:ea8b7f6188e6fa117537c3df7da9fc686d485087abf6ac197f9c46432f7e4a3c"
            ],
            "version": "==2.8"
        },
        "jmespath": {
            "hashes": [
                "sha256:3720a4b1bd659dd2eecad0666459b9788813e032b83e7ba58578e48254e0a0e6",
                "sha256:bde2aef6f44302dfb30320115b17d030798de8c4110e28d5cf6cf91a7a31074c"
            ],
            "version": "==0.9.4"
        },
        "joblib": {
            "hashes": [
                "sha256:21e0c34a69ad7fde4f2b1f3402290e9ec46f545f15f1541c582edfe05d87b63a",
                "sha256:315d6b19643ec4afd4c41c671f9f2d65ea9d787da093487a81ead7b0bac94524"
            ],
            "version": "==0.13.2"
        },
        "numpy": {
            "hashes": [
                "sha256:0cdbbaa30ae69281b18dd995d3079c4e552ad6d5426977f66b9a2a95f11f552a",
                "sha256:2b0cca1049bd39d1879fa4d598624cafe82d35529c72de1b3d528d68031cdd95",
                "sha256:31d3fe5b673e99d33d70cfee2ea8fe8dccd60f265c3ed990873a88647e3dd288",
                "sha256:34dd4922aab246c39bf5df03ca653d6265e65971deca6784c956bf356bca6197",
                "sha256:384e2dfa03da7c8d54f8f934f61b6a5e4e1ebb56a65b287567629d6c14578003",
                "sha256:392e2ea22b41a22c0289a88053204b616181288162ba78e6823e1760309d5277",
                "sha256:4341a39fc085f31a583be505eabf00e17c619b469fef78dc7e8241385bfddaa4",
                "sha256:45080f065dcaa573ebecbfe13cdd86e8c0a68c4e999aa06bd365374ea7137706",
                "sha256:485cb1eb4c9962f4cd042fed9424482ec1d83fee5dc2ef3f2552ac47852cb259",
                "sha256:575cefd28d3e0da85b0864506ae26b06483ee4a906e308be5a7ad11083f9d757",
                "sha256:62784b35df7de7ca4d0d81c5b6af5983f48c5cdef32fc3635b445674e56e3266",
                "sha256:69c152f7c11bf3b4fc11bc4cc62eb0334371c0db6844ebace43b7c815b602805",
                "sha256:6ccfdcefd287f252cf1ea7a3f1656070da330c4a5658e43ad223269165cdf977",
                "sha256:7298fbd73c0b3eff1d53dc9b9bdb7add8797bb55eeee38c8ccd7906755ba28af",
                "sha256:79463d918d1bf3aeb9186e3df17ddb0baca443f41371df422f99ee94f4f2bbfe",
                "sha256:8bbee788d82c0ac656536de70e817af09b7694f5326b0ef08e5c1014fcb96bb3",
                "sha256:a863957192855c4c57f60a75a1ac06ce5362ad18506d362dd807e194b4baf3ce",
                "sha256:ae602ba425fb2b074e16d125cdce4f0194903da935b2e7fe284ebecca6d92e76",
                "sha256:b13faa258b20fa66d29011f99fdf498641ca74a0a6d9266bc27d83c70fea4a6a",
                "sha256:c2c39d69266621dd7464e2bb740d6eb5abc64ddc339cc97aa669f3bb4d75c103",
                "sha256:e9c88f173d31909d881a60f08a8494e63f1aff2a4052476b24d4f50e82c47e24",
                "sha256:f1a29267ac29fff0913de0f11f3a9edfcd3f39595f467026c29376fad243ebe3",
                "sha256:f69dde0c5a137d887676a8129373e44366055cf19d1b434e853310c7a1e68f93"
            ],
            "index": "pypi",
            "version": "==1.16.1"
        },
        "pandas": {
            "hashes": [
                "sha256:074a032f99bb55d178b93bd98999c971542f19317829af08c99504febd9e9b8b",
                "sha256:20f1728182b49575c2f6f681b3e2af5fac9e84abdf29488e76d569a7969b362e",
                "sha256:2745ba6e16c34d13d765c3657bb64fa20a0e2daf503e6216a36ed61770066179",
                "sha256:32c44e5b628c48ba17703f734d59f369d4cdcb4239ef26047d6c8a8bfda29a6b",
                "sha256:3b9f7dcee6744d9dcdd53bce19b91d20b4311bf904303fa00ef58e7df398e901",
                "sha256:544f2033250980fb6f069ce4a960e5f64d99b8165d01dc39afd0b244eeeef7d7",
                "sha256:58f9ef68975b9f00ba96755d5702afdf039dea9acef6a0cfd8ddcde32918a79c",
                "sha256:9023972a92073a495eba1380824b197ad1737550fe1c4ef8322e65fe58662888",
                "sha256:914341ad2d5b1ea522798efa4016430b66107d05781dbfe7cf05eba8f37df995",
                "sha256:9d151bfb0e751e2c987f931c57792871c8d7ff292bcdfcaa7233012c367940ee",
                "sha256:b932b127da810fef57d427260dde1ad54542c136c44b227a1e367551bb1a684b",
                "sha256:cfb862aa37f4dd5be0730731fdb8185ac935aba8b51bf3bd035658111c9ee1c9",
                "sha256:de7ecb4b120e98b91e8a2a21f186571266a8d1faa31d92421e979c7ca67d8e5c",
                "sha256:df7e1933a0b83920769611c5d6b9a1bf301e3fa6a544641c6678c67621fe9843"
            ],
            "index": "pypi",
            "version": "==0.25.0"
        },
        "python-dateutil": {
            "hashes": [
                "sha256:7e6584c74aeed623791615e26efd690f29817a27c73085b78e4bad02493df2fb",
                "sha256:c89805f6f4d64db21ed966fda138f8a5ed7a4fdbc1a8ee329ce1b74e3c74da9e"
            ],
            "markers": "python_version >= '2.7'",
            "version": "==2.8.0"
        },
        "pytz": {
            "hashes": [
                "sha256:26c0b32e437e54a18161324a2fca3c4b9846b74a8dccddd843113109e1116b32",
                "sha256:c894d57500a4cd2d5c71114aaab77dbab5eabd9022308ce5ac9bb93a60a6f0c7"
            ],
            "version": "==2019.2"
        },
        "requests": {
            "hashes": [
                "sha256:11e007a8a2aa0323f5a921e9e6a2d7e4e67d9877e85773fba9ba6419025cbeb4",
                "sha256:9cf5292fcd0f598c671cfc1e0d7d1a7f13bb8085e9a590f48c010551dc6c4b31"
            ],
            "version": "==2.22.0"
        },
        "s3transfer": {
            "hashes": [
                "sha256:6efc926738a3cd576c2a79725fed9afde92378aa5c6a957e3af010cb019fac9d",
                "sha256:b780f2411b824cb541dbcd2c713d0cb61c7d1bcadae204cdddda2b35cef493ba"
            ],
            "version": "==0.2.1"
        },
        "scikit-learn": {
            "hashes": [
                "sha256:1ac81293d261747c25ea5a0ee8cd2bb1f3b5ba9ec05421a7f9f0feb4eb7c4116",
                "sha256:289361cf003d90b007f5066b27fcddc2d71324c82f1c88e316fedacb0dfdd516",
                "sha256:3a14d0abd4281fc3fd2149c486c3ec7cedad848b8d5f7b6f61522029d65a29f8",
                "sha256:5083a5e50d9d54548e4ada829598ae63a05651dd2bb319f821ffd9e8388384a6",
                "sha256:777cdd5c077b7ca9cb381396c81990cf41d2fa8350760d3cad3b4c460a7db644",
                "sha256:8bf2ff63da820d09b96b18e88f9625228457bff8df4618f6b087e12442ef9e15",
                "sha256:8d319b71c449627d178f21c57614e21747e54bb3fc9602b6f42906c3931aa320",
                "sha256:928050b65781fea9542dfe9bfe02d8c4f5530baa8472ec60782ea77347d2c836",
                "sha256:92c903613ff50e22aa95d589f9fff5deb6f34e79f7f21f609680087f137bb524",
                "sha256:ae322235def5ce8fae645b439e332e6f25d34bb90d6a6c8e261f17eb476457b7",
                "sha256:c1cd6b29eb1fd1cc672ac5e4a8be5f6ea936d094a3dc659ada0746d6fac750b1",
                "sha256:c41a6e2685d06bcdb0d26533af2540f54884d40db7e48baed6a5bcbf1a7cc642",
                "sha256:d07fcb0c0acbc043faa0e7cf4d2037f71193de3fb04fb8ed5c259b089af1cf5c",
                "sha256:d146d5443cda0a41f74276e42faf8c7f283fef49e8a853b832885239ef544e05",
                "sha256:eb2b7bed0a26ba5ce3700e15938b28a4f4513578d3e54a2156c29df19ac5fd01",
                "sha256:eb9b8ebf59eddd8b96366428238ab27d05a19e89c5516ce294abc35cea75d003"
            ],
            "index": "pypi",
            "version": "==0.21.3"
        },
        "scipy": {
            "hashes": [
                "sha256:0baa64bf42592032f6f6445a07144e355ca876b177f47ad8d0612901c9375bef",
                "sha256:243b04730d7223d2b844bda9500310eecc9eda0cba9ceaf0cde1839f8287dfa8",
                "sha256:2643cfb46d97b7797d1dbdb6f3c23fe3402904e3c90e6facfe6a9b98d808c1b5",
                "sha256:396eb4cdad421f846a1498299474f0a3752921229388f91f60dc3eda55a00488",
                "sha256:3ae3692616975d3c10aca6d574d6b4ff95568768d4525f76222fb60f142075b9",
                "sha256:435d19f80b4dcf67dc090cc04fde2c5c8a70b3372e64f6a9c58c5b806abfa5a8",
                "sha256:46a5e55850cfe02332998b3aef481d33f1efee1960fe6cfee0202c7dd6fc21ab",
                "sha256:75b513c462e58eeca82b22fc00f0d1875a37b12913eee9d979233349fce5c8b2",
                "sha256:7ccfa44a08226825126c4ef0027aa46a38c928a10f0a8a8483c80dd9f9a0ad44",
                "sha256:89dd6a6d329e3f693d1204d5562dd63af0fd7a17854ced17f9cbc37d5b853c8d",
                "sha256:a81da2fe32f4eab8b60d56ad43e44d93d392da228a77e229e59b51508a00299c",
                "sha256:a9d606d11eb2eec7ef893eb825017fbb6eef1e1d0b98a5b7fc11446ebeb2b9b1",
                "sha256:ac37eb652248e2d7cbbfd89619dce5ecfd27d657e714ed049d82f19b162e8d45",
                "sha256:cbc0611699e420774e945f6a4e2830f7ca2b3ee3483fca1aa659100049487dd5",
                "sha256:d02d813ec9958ed63b390ded463163685af6025cb2e9a226ec2c477df90c6957",
                "sha256:dd3b52e00f93fd1c86f2d78243dfb0d02743c94dd1d34ffea10055438e63b99d"
            ],
            "index": "pypi",
            "version": "==1.3.1"
        },
        "six": {
            "hashes": [
                "sha256:3350809f0555b11f552448330d0b52d5f24c91a322ea4a15ef22629740f3761c",
                "sha256:d16a0141ec1a18405cd4ce8b4613101da75da0e9a7aec5bdd4fa804d0e0eba73"
            ],
            "version": "==1.12.0"
        },
        "smart-open": {
            "hashes": [
                "sha256:788e07f035defcbb62e3c1e313329a70b0976f4f65406ee767db73ad5d2d04f9"
            ],
            "version": "==1.8.4"
        },
        "urllib3": {
            "hashes": [
                "sha256:b246607a25ac80bedac05c6f282e3cdaf3afb65420fd024ac94435cabe6e18d1",
                "sha256:dbe59173209418ae49d485b87d1681aefa36252ee85884c31346debd19463232"
            ],
            "markers": "python_version >= '3.4'",
            "version": "==1.25.3"
        }
    },
    "develop": {
        "bleach": {
            "hashes": [
                "sha256:213336e49e102af26d9cde77dd2d0397afabc5a6bf2fed985dc35b5d1e285a16",
                "sha256:3fdf7f77adcf649c9911387df51254b813185e32b2c6619f690b593a617e19fa"
            ],
            "version": "==3.1.0"
        },
        "certifi": {
            "hashes": [
                "sha256:046832c04d4e752f37383b628bc601a7ea7211496b4638f6514d0e5b9acc4939",
                "sha256:945e3ba63a0b9f577b1395204e13c3a231f9bc0223888be653286534e5873695"
            ],
            "version": "==2019.6.16"
        },
        "chardet": {
            "hashes": [
                "sha256:84ab92ed1c4d4f16916e05906b6b75a6c0fb5db821cc65e70cbd64a3e2a5eaae",
                "sha256:fc323ffcaeaed0e0a02bf4d117757b98aed530d9ed4531e3e15460124c106691"
            ],
            "version": "==3.0.4"
        },
        "codecov": {
            "hashes": [
                "sha256:8ed8b7c6791010d359baed66f84f061bba5bd41174bf324c31311e8737602788",
                "sha256:ae00d68e18d8a20e9c3288ba3875ae03db3a8e892115bf9b83ef20507732bed4"
            ],
            "index": "pypi",
            "version": "==2.0.15"
        },
        "coverage": {
            "hashes": [
                "sha256:08907593569fe59baca0bf152c43f3863201efb6113ecb38ce7e97ce339805a6",
                "sha256:0be0f1ed45fc0c185cfd4ecc19a1d6532d72f86a2bac9de7e24541febad72650",
                "sha256:141f08ed3c4b1847015e2cd62ec06d35e67a3ac185c26f7635f4406b90afa9c5",
                "sha256:19e4df788a0581238e9390c85a7a09af39c7b539b29f25c89209e6c3e371270d",
                "sha256:23cc09ed395b03424d1ae30dcc292615c1372bfba7141eb85e11e50efaa6b351",
                "sha256:245388cda02af78276b479f299bbf3783ef0a6a6273037d7c60dc73b8d8d7755",
                "sha256:331cb5115673a20fb131dadd22f5bcaf7677ef758741312bee4937d71a14b2ef",
                "sha256:386e2e4090f0bc5df274e720105c342263423e77ee8826002dcffe0c9533dbca",
                "sha256:3a794ce50daee01c74a494919d5ebdc23d58873747fa0e288318728533a3e1ca",
                "sha256:60851187677b24c6085248f0a0b9b98d49cba7ecc7ec60ba6b9d2e5574ac1ee9",
                "sha256:63a9a5fc43b58735f65ed63d2cf43508f462dc49857da70b8980ad78d41d52fc",
                "sha256:6b62544bb68106e3f00b21c8930e83e584fdca005d4fffd29bb39fb3ffa03cb5",
                "sha256:6ba744056423ef8d450cf627289166da65903885272055fb4b5e113137cfa14f",
                "sha256:7494b0b0274c5072bddbfd5b4a6c6f18fbbe1ab1d22a41e99cd2d00c8f96ecfe",
                "sha256:826f32b9547c8091679ff292a82aca9c7b9650f9fda3e2ca6bf2ac905b7ce888",
                "sha256:93715dffbcd0678057f947f496484e906bf9509f5c1c38fc9ba3922893cda5f5",
                "sha256:9a334d6c83dfeadae576b4d633a71620d40d1c379129d587faa42ee3e2a85cce",
                "sha256:af7ed8a8aa6957aac47b4268631fa1df984643f07ef00acd374e456364b373f5",
                "sha256:bf0a7aed7f5521c7ca67febd57db473af4762b9622254291fbcbb8cd0ba5e33e",
                "sha256:bf1ef9eb901113a9805287e090452c05547578eaab1b62e4ad456fcc049a9b7e",
                "sha256:c0afd27bc0e307a1ffc04ca5ec010a290e49e3afbe841c5cafc5c5a80ecd81c9",
                "sha256:dd579709a87092c6dbee09d1b7cfa81831040705ffa12a1b248935274aee0437",
                "sha256:df6712284b2e44a065097846488f66840445eb987eb81b3cc6e4149e7b6982e1",
                "sha256:e07d9f1a23e9e93ab5c62902833bf3e4b1f65502927379148b6622686223125c",
                "sha256:e2ede7c1d45e65e209d6093b762e98e8318ddeff95317d07a27a2140b80cfd24",
                "sha256:e4ef9c164eb55123c62411f5936b5c2e521b12356037b6e1c2617cef45523d47",
                "sha256:eca2b7343524e7ba246cab8ff00cab47a2d6d54ada3b02772e908a45675722e2",
                "sha256:eee64c616adeff7db37cc37da4180a3a5b6177f5c46b187894e633f088fb5b28",
                "sha256:ef824cad1f980d27f26166f86856efe11eff9912c4fed97d3804820d43fa550c",
                "sha256:efc89291bd5a08855829a3c522df16d856455297cf35ae827a37edac45f466a7",
                "sha256:fa964bae817babece5aa2e8c1af841bebb6d0b9add8e637548809d040443fee0",
                "sha256:ff37757e068ae606659c28c3bd0d923f9d29a85de79bf25b2b34b148473b5025"
            ],
            "index": "pypi",
            "version": "==4.5.4"
        },
        "docutils": {
            "hashes": [
                "sha256:02aec4bd92ab067f6ff27a38a38a41173bf01bed8f89157768c1573f53e474a6",
                "sha256:51e64ef2ebfb29cae1faa133b3710143496eca21c530f3f71424d77687764274",
                "sha256:7a4bd47eaf6596e1295ecb11361139febe29b084a87bf005bf899f9a42edc3c6"
            ],
            "version": "==0.14"
        },
        "fasttext": {
            "hashes": [
                "sha256:6ead9c6aafe985472066e27c43e33f581b192befd136a84c3c2e8197e7e05be6",
                "sha256:f79b3447b1612b9b1ad791d4be97db3fecb97762dba01e6fbec389d0d0874772"
            ],
            "index": "pypi",
            "version": "==0.9.1"
        },
        "idna": {
            "hashes": [
                "sha256:c357b3f628cf53ae2c4c05627ecc484553142ca23264e593d327bcde5e9c3407",
                "sha256:ea8b7f6188e6fa117537c3df7da9fc686d485087abf6ac197f9c46432f7e4a3c"
            ],
            "version": "==2.8"
        },
        "janome": {
            "hashes": [
                "sha256:3da9ba0bdfa153c126f72d9ac9fa51646f209032d7098eec96f985a77a4da3b4",
                "sha256:acbf82b0ed3c3b797f91f18bdc90347f7baed9aab39e4f21d89ff6aef220180f"
            ],
            "index": "pypi",
            "version": "==0.3.9"
        },
        "mecab-python-windows": {
            "hashes": [
                "sha256:18f604bda1e7b693ba104ef4d6628f30b5bff57076f0c7a097b284a1dd10b3e7",
                "sha256:1a027647b1590ca073efe2da994e094d5fbec7a4e71755d90be3a4757e3d9e3d",
                "sha256:2416d6d3978fdc5070649005190d874d364b6970ec2defee4eeaa1044b07b38c",
                "sha256:685873f80505be1707b911eddc6a6361d1c90f96bf11285c5713b724405a751a",
                "sha256:cffaf07c0ca9b920e46122ba69f20695ff2e363c196d75722d92a19f3e390cae",
                "sha256:e60be9e69725587b9e5c3bfe4470727294844e7809b9e3752826ea08f73f08ef",
                "sha256:ef40887e189cf2e248ca77780df8026f799587cd60a0749544eb0e25e6b7354c"
            ],
            "index": "pypi",
            "markers": "sys_platform == 'win32'",
            "version": "==0.996.3"
        },
        "mecab-python3": {
            "hashes": [
                "sha256:0ef0fa0a91497943b57efa00e047470d19118551cb0023c27663a2c1c56e24bf",
                "sha256:1c8715bd6127ad3a1d629986e5dba9971598f6a38233b539d3c482ee297be7bb",
                "sha256:3efc3a61fc9bbc3e33b44ac5d1ff6a5b1773e294870e8f580c888067c0c73db3",
                "sha256:49befe46c1672984285d1c1f4a26781ede6bc536e7994ab1960aedadfab5b28a",
                "sha256:5265730069d8915df57aba282a7ac5acc682c6cad27fdde0be12f97577b54d38",
                "sha256:68746e30c2e094175619c4b586704e18b2b52af066ad67739a0a9060089faecd",
                "sha256:6de1a76d53b9ffc3bbeda47ce1a817c825b668f6afa748691abfcb458b099eaf",
                "sha256:700a693e30cbe2640ae1793a9c7b6b3744b4dd543e7f3d36fc9b936d1becf9a0",
                "sha256:8392a7f9681506635d5a9bd232f8eee8e0ebafe52bfcb70a53a755bdd94aba23",
                "sha256:8d155f8cc9118631c3bd0975144cf603272f23e57228022c4eedba8a52cd34cf",
                "sha256:97251561991382f5c62ba6a71472e7f9aa4e5f7dca6b4a827e1e140401be0fc7",
                "sha256:a80383fba343dad247b486a9afa486b7f0ec6244cb8bbf2d6a24d2fab5f19180",
                "sha256:bd5668e1f918cc22791749253720b84d1f219ace36c780e75662a202bd80a0a3",
                "sha256:bd633171d4d9bb47f8fc4e2ee0cc720cc7ed001ea44a074bc15ef1b3ec47d3ba",
                "sha256:c854a705adfecd8ceb7d377510fe8741a3ff735af749e81cdac0099ffe9999f5",
                "sha256:da6f1992d7345c6973fab61572f54fb54dfc0c7ebebffedaa66fc6cc35c475eb",
                "sha256:dc143b4f49894a4c76d9847da6655b6fe2cff29909f610c0e3da8a8e615985ac",
                "sha256:f87ad5a3d928b8b14bcb63d629a580bc4967cdb6f7a66c362598e54aa97881d0"
            ],
            "index": "pypi",
            "markers": "sys_platform == 'linux' or sys_platform == 'darwin'",
            "version": "==0.996.2"
        },
        "nose2": {
            "hashes": [
                "sha256:0ede156fd7974fa40893edeca0b709f402c0ccacd7b81b22e76f73c116d1b999",
                "sha256:31d8beb00aed3ccc6efb1742bb90227d883e471715188249f594310676e0ef0e"
            ],
            "index": "pypi",
            "version": "==0.9.1"
        },
        "numpy": {
            "hashes": [
                "sha256:0cdbbaa30ae69281b18dd995d3079c4e552ad6d5426977f66b9a2a95f11f552a",
                "sha256:2b0cca1049bd39d1879fa4d598624cafe82d35529c72de1b3d528d68031cdd95",
                "sha256:31d3fe5b673e99d33d70cfee2ea8fe8dccd60f265c3ed990873a88647e3dd288",
                "sha256:34dd4922aab246c39bf5df03ca653d6265e65971deca6784c956bf356bca6197",
                "sha256:384e2dfa03da7c8d54f8f934f61b6a5e4e1ebb56a65b287567629d6c14578003",
                "sha256:392e2ea22b41a22c0289a88053204b616181288162ba78e6823e1760309d5277",
                "sha256:4341a39fc085f31a583be505eabf00e17c619b469fef78dc7e8241385bfddaa4",
                "sha256:45080f065dcaa573ebecbfe13cdd86e8c0a68c4e999aa06bd365374ea7137706",
                "sha256:485cb1eb4c9962f4cd042fed9424482ec1d83fee5dc2ef3f2552ac47852cb259",
                "sha256:575cefd28d3e0da85b0864506ae26b06483ee4a906e308be5a7ad11083f9d757",
                "sha256:62784b35df7de7ca4d0d81c5b6af5983f48c5cdef32fc3635b445674e56e3266",
                "sha256:69c152f7c11bf3b4fc11bc4cc62eb0334371c0db6844ebace43b7c815b602805",
                "sha256:6ccfdcefd287f252cf1ea7a3f1656070da330c4a5658e43ad223269165cdf977",
                "sha256:7298fbd73c0b3eff1d53dc9b9bdb7add8797bb55eeee38c8ccd7906755ba28af",
                "sha256:79463d918d1bf3aeb9186e3df17ddb0baca443f41371df422f99ee94f4f2bbfe",
                "sha256:8bbee788d82c0ac656536de70e817af09b7694f5326b0ef08e5c1014fcb96bb3",
                "sha256:a863957192855c4c57f60a75a1ac06ce5362ad18506d362dd807e194b4baf3ce",
                "sha256:ae602ba425fb2b074e16d125cdce4f0194903da935b2e7fe284ebecca6d92e76",
                "sha256:b13faa258b20fa66d29011f99fdf498641ca74a0a6d9266bc27d83c70fea4a6a",
                "sha256:c2c39d69266621dd7464e2bb740d6eb5abc64ddc339cc97aa669f3bb4d75c103",
                "sha256:e9c88f173d31909d881a60f08a8494e63f1aff2a4052476b24d4f50e82c47e24",
                "sha256:f1a29267ac29fff0913de0f11f3a9edfcd3f39595f467026c29376fad243ebe3",
                "sha256:f69dde0c5a137d887676a8129373e44366055cf19d1b434e853310c7a1e68f93"
            ],
            "index": "pypi",
            "version": "==1.16.1"
        },
        "pkginfo": {
            "hashes": [
                "sha256:7424f2c8511c186cd5424bbf31045b77435b37a8d604990b79d4e70d741148bb",
                "sha256:a6d9e40ca61ad3ebd0b72fbadd4fba16e4c0e4df0428c041e01e06eb6ee71f32"
            ],
            "version": "==1.5.0.1"
        },
        "pyarrow": {
            "hashes": [
                "sha256:00681c4313ea70e2910e9488863c20e9b4816bca4421c4f796b78d92c90097da",
                "sha256:0d2e994419677740b0c096fb36fe914875ea223085430c20e5110802a4fbe606",
                "sha256:1a90a10b056eb74646aa7b6eecef7adf872d120d33d70da67d984eb39cc51072",
                "sha256:257816a2a292485d14d16fdd7f0a6ab3db29f62b5e6cfa09f7de64394d79103d",
                "sha256:33c9267395ea10cb3f917417e383ffaf217bab6d27007003f67000ed9302a430",
                "sha256:344f65f4860b061e30bbb85f6ed06666c19cf05a8129a2e272ca727299de7a53",
                "sha256:35ab34c6493c78f2f4c9583765445791c512241a282cd05e5666faa306428080",
                "sha256:4d696b1a4c177c32e75bd5e1819ad3d10c55f66133f50bf3e7261cc4c1dc603d",
                "sha256:556f5ce600172aee1521a6e25ac78563f17d265a587c76981dd52f8e1823761d",
                "sha256:96b9c9e81024200ff9bf57647d0c90207f2454125e6381c47bc6de36b6a56f4d",
                "sha256:9be234670bc6f7ffe709956e3e598ae84dfc4a01fa6d70c142756da42397787d",
                "sha256:a2c6e93ef381a874d4ab41429078604cbcb1f458166f904e53e8001096fbb5c4",
                "sha256:d965b0ec26d3909bdee04a2c122e8e8fd73ea9842edbe8858e799b7a5c0fba40",
                "sha256:fe144bbb7ab437d3f2503f28ef36e5430210096860320ca539593a71033c1a0c"
            ],
            "index": "pypi",
            "version": "==0.14.1"
        },
        "pybind11": {
            "hashes": [
                "sha256:199a915e0f81b5a593d1a13a18f137f59a6111f0049543211d936d26dab34324",
                "sha256:5531dee811310ff02ff69fe4f45feb56d845154ba692b8e4660ae2c478ee313a"
            ],
            "version": "==2.3.0"
        },
        "pygments": {
            "hashes": [
                "sha256:71e430bc85c88a430f000ac1d9b331d2407f681d6f6aec95e8bcfbc3df5b0127",
                "sha256:881c4c157e45f30af185c1ffe8d549d48ac9127433f2c380c24b84572ad66297"
            ],
            "version": "==2.4.2"
        },
        "pywavelets": {
            "hashes": [
                "sha256:18b193b67937e805a8e79c036bd2aa4ea3a357737256efeefdabd19c95083c3b",
                "sha256:1d7ba03baa81938b17d4819db36f018e680d929af329062af4d4b6d6236d02ba",
                "sha256:21f39d86cc35e003576fc1400b15534e2999570418fcdb17ea62d1ff8773b076",
                "sha256:250412f482d5cb358b7ec323b2a783d91e5cfc337fdf8fde3c59bf2c35d6366f",
                "sha256:25c0c592bf43eaffb4d3c6b6444b14c7407db750b6f2d344d809d4af934319d9",
                "sha256:2f2cdd96e4882b0c18e75cc90c4710de429ac226ce53b58a90c7420e3e307631",
                "sha256:3abed8dcd3e94ead72ee8010b494df5a9bdbdd5e39129d52fbf8066efa323a51",
                "sha256:3e99ab8feeb47755738fb8deb8154c9604c4a7996b1b7db6b090475105ca7c92",
                "sha256:64926c4c78dd690ec0d61be20f7c27cfbde6de9fa66ab8205eb079d9db6927fc",
                "sha256:687ec8877c10e3a03595ad167d1ea2662bc1ab13ef43d63a6e207a53b2ee4c26",
                "sha256:6af0077c7a4c9935aa64301f6942468b494656b8812e801d4a635cf42088f96c",
                "sha256:7215856a5d2e1a2dccca1f71d912ee6a7387086f3b3adcb55d7c41314c6abb0c",
                "sha256:9e47b241533add77961093b1e40cfff031597d429e91ad7c675838be0f7cc0df",
                "sha256:9e782f49dca57bc0fd2a40c0917949d77be2ecc999ccd44fff57fb10aa214135",
                "sha256:a12c7a6258c0015d2c75d88b87393ee015494551f049009e8b63eafed2d78efc",
                "sha256:a5027d47484498e70391b311a2688c4f74294de629b982ed17be57be4c77ade7",
                "sha256:ab02363467ee3cb222c5b425bc53453270ddae72bce313e72fd14616692d725a",
                "sha256:adc79308c65a2007bdbd5846fda70088e7ead0ef0a5a6f44d08829e9478a907f",
                "sha256:afaaee392450785a346d9e5e5f6e5307b13958d8b0633818632cb38972a7752a",
                "sha256:b26b836c7f71df7b2779e62d1338367cfe37b98324e9b0d54b428ac030e3d1f0",
                "sha256:b9adbc27d70a2626c235a18b41315de2832c384651d03383db7a58c2a2bccc6f",
                "sha256:bd6e62efb7839fd6bf894b7b9aec6d58be0c44a38ea0c9f3c5bea834d84d05eb",
                "sha256:de083a3a71576a9c3d8ba73b6f0425e4690d6ac6e480562f30bec5cb20667324",
                "sha256:e89551257233a3da717a9e6e2e303243df75faffe0b6781d21c15eb9d682ec6d",
                "sha256:eafb7d609c41a04028144f4b6697792f448554960ef353244aaf0a5883263543",
                "sha256:fb3ee9f65d25ee5c89104e533d5f341c253cdb9543ef6fcd6dfa599b12e84f1c"
            ],
            "index": "pypi",
            "version": "==1.0.3"
        },
        "readme-renderer": {
            "hashes": [
                "sha256:bb16f55b259f27f75f640acf5e00cf897845a8b3e4731b5c1a436e4b8529202f",
                "sha256:c8532b79afc0375a85f10433eca157d6b50f7d6990f337fa498c96cd4bfc203d"
            ],
            "version": "==24.0"
        },
        "requests": {
            "hashes": [
                "sha256:11e007a8a2aa0323f5a921e9e6a2d7e4e67d9877e85773fba9ba6419025cbeb4",
                "sha256:9cf5292fcd0f598c671cfc1e0d7d1a7f13bb8085e9a590f48c010551dc6c4b31"
            ],
            "version": "==2.22.0"
        },
        "requests-toolbelt": {
            "hashes": [
                "sha256:380606e1d10dc85c3bd47bf5a6095f815ec007be7a8b69c878507068df059e6f",
                "sha256:968089d4584ad4ad7c171454f0a5c6dac23971e9472521ea3b6d49d610aa6fc0"
            ],
            "version": "==0.9.1"
        },
        "six": {
            "hashes": [
                "sha256:3350809f0555b11f552448330d0b52d5f24c91a322ea4a15ef22629740f3761c",
                "sha256:d16a0141ec1a18405cd4ce8b4613101da75da0e9a7aec5bdd4fa804d0e0eba73"
            ],
            "version": "==1.12.0"
        },
        "tqdm": {
            "hashes": [
                "sha256:1dc82f87a8726602fa7177a091b5e8691d6523138a8f7acd08e58088f51e389f",
                "sha256:47220a4f2aeebbc74b0ab317584264ea44c745e1fd5ff316b675cd0aff8afad8"
            ],
            "version": "==4.33.0"
        },
        "twine": {
            "hashes": [
                "sha256:0fb0bfa3df4f62076cab5def36b1a71a2e4acb4d1fa5c97475b048117b1a6446",
                "sha256:d6c29c933ecfc74e9b1d9fa13aa1f87c5d5770e119f5a4ce032092f0ff5b14dc"
            ],
            "index": "pypi",
            "version": "==1.13.0"
        },
        "urllib3": {
            "hashes": [
                "sha256:b246607a25ac80bedac05c6f282e3cdaf3afb65420fd024ac94435cabe6e18d1",
                "sha256:dbe59173209418ae49d485b87d1681aefa36252ee85884c31346debd19463232"
            ],
            "markers": "python_version >= '3.4'",
            "version": "==1.25.3"
        },
        "webencodings": {
            "hashes": [
                "sha256:a0af1213f3c2226497a97e2b3aa01a7e4bee4f403f95be16fc9acd2947514a78",
                "sha256:b36a1c245f2d304965eb4e0a82848379241dc04b865afcc4aab16748587e1923"
            ],
            "version": "==0.5.1"
        }
    }
}
